<?xml version="1.0" encoding="utf-8"?>
<Project ToolsVersion="4.0" xmlns="http://schemas.microsoft.com/developer/msbuild/2003">
  <ItemGroup>
    <Filter Include="源文件">
      <UniqueIdentifier>{4FC737F1-C7A5-4376-A066-2A32D752A2FF}</UniqueIdentifier>
      <Extensions>cpp;c;cc;cxx;c++;cppm;ixx;def;odl;idl;hpj;bat;asm;asmx</Extensions>
    </Filter>
    <Filter Include="头文件">
      <UniqueIdentifier>{93995380-89BD-4b04-88EB-625FBE52EBFB}</UniqueIdentifier>
      <Extensions>h;hh;hpp;hxx;h++;hm;inl;inc;ipp;xsd</Extensions>
    </Filter>
    <Filter Include="资源文件">
      <UniqueIdentifier>{67DA6AB6-F800-4c08-8B7A-83BB121AAD01}</UniqueIdentifier>
      <Extensions>rc;ico;cur;bmp;dlg;rc2;rct;bin;rgs;gif;jpg;jpeg;jpe;resx;tiff;tif;png;wav;mfcribbon-ms</Extensions>
    </Filter>
  </ItemGroup>
  <ItemGroup>
    <ClInclude Include="Material.h">
      <Filter>头文件</Filter>
    </ClInclude>
    <ClInclude Include="BlogSocialControl.h">
      <Filter>头文件</Filter>
    </ClInclude>
    <ClInclude Include="MaterialBroker.h">
      <Filter>头文件</Filter>
    </ClInclude>
    <ClInclude Include="MaterialInterface.h">
      <Filter>头文件</Filter>
    </ClInclude>
    <ClInclude Include="MeterialProxy.h">
      <Filter>头文件</Filter>
    </ClInclude>
    <ClInclude Include="Blog.h">
      <Filter>头文件</Filter>
    </ClInclude>
    <ClInclude Include="BlogBroker.h">
      <Filter>头文件</Filter>
    </ClInclude>
    <ClInclude Include="BlogInterface.h">
      <Filter>头文件</Filter>
    </ClInclude>
    <ClInclude Include="BlogProxy.h">
      <Filter>头文件</Filter>
    </ClInclude>
    <ClInclude Include="Netizen.h">
      <Filter>头文件</Filter>
    </ClInclude>
    <ClInclude Include="NetizenBroker.h">
      <Filter>头文件</Filter>
    </ClInclude>
    <ClInclude Include="NetizenInterface.h">
      <Filter>头文件</Filter>
    </ClInclude>
    <ClInclude Include="NetizenProxy.h">
      <Filter>头文件</Filter>
    </ClInclude>
    <ClInclude Include="Comment.h">
      <Filter>头文件</Filter>
    </ClInclude>
    <ClInclude Include="CommentBroker.h">
      <Filter>头文件</Filter>
    </ClInclude>
    <ClInclude Include="CommentInterface.h">
      <Filter>头文件</Filter>
    </ClInclude>
    <ClInclude Include="CommentProxy.h">
      <Filter>头文件</Filter>
    </ClInclude>
    <ClInclude Include="RelationalBroker.h">
      <Filter>头文件</Filter>
    </ClInclude>
  </ItemGroup>
  <ItemGroup>
    <ClCompile Include="Material.cpp">
      <Filter>源文件</Filter>
    </ClCompile>
    <ClCompile Include="BlogSocialControl.cpp">
      <Filter>源文件</Filter>
    </ClCompile>
    <ClCompile Include="MaterialBroker.cpp">
      <Filter>源文件</Filter>
    </ClCompile>
    <ClCompile Include="MaterialInterface.cpp">
      <Filter>源文件</Filter>
    </ClCompile>
    <ClCompile Include="MeterialProxy.cpp">
      <Filter>源文件</Filter>
    </ClCompile>
    <ClCompile Include="Blog.cpp">
      <Filter>源文件</Filter>
    </ClCompile>
    <ClCompile Include="BlogBroker.cpp">
      <Filter>源文件</Filter>
    </ClCompile>
    <ClCompile Include="BlogInterface.cpp">
      <Filter>源文件</Filter>
    </ClCompile>
    <ClCompile Include="BlogProxy.cpp">
      <Filter>源文件</Filter>
    </ClCompile>
    <ClCompile Include="Netizen.cpp">
      <Filter>源文件</Filter>
    </ClCompile>
    <ClCompile Include="NetizenBroker.cpp">
      <Filter>源文件</Filter>
    </ClCompile>
    <ClCompile Include="NetizenInterface.cpp">
      <Filter>源文件</Filter>
    </ClCompile>
    <ClCompile Include="NetizenProxy.cpp">
      <Filter>源文件</Filter>
    </ClCompile>
    <ClCompile Include="Comment.cpp">
      <Filter>源文件</Filter>
    </ClCompile>
    <ClCompile Include="CommentBroker.cpp">
      <Filter>源文件</Filter>
    </ClCompile>
    <ClCompile Include="CommentInterface.cpp">
      <Filter>源文件</Filter>
    </ClCompile>
    <ClCompile Include="CommentProxy.cpp">
      <Filter>源文件</Filter>
    </ClCompile>
    <ClCompile Include="RelationalBroker.cpp">
      <Filter>源文件</Filter>
    </ClCompile>
  </ItemGroup>
</Project>